PODS:
  - AFNetworking (4.0.1):
    - AFNetworking/NSURLSession (= 4.0.1)
    - AFNetworking/Reachability (= 4.0.1)
    - AFNetworking/Security (= 4.0.1)
    - AFNetworking/Serialization (= 4.0.1)
    - AFNetworking/UIKit (= 4.0.1)
  - AFNetworking/NSURLSession (4.0.1):
    - AFNetworking/Reachability
    - AFNetworking/Security
    - AFNetworking/Serialization
  - AFNetworking/Reachability (4.0.1)
  - AFNetworking/Security (4.0.1)
  - AFNetworking/Serialization (4.0.1)
  - AFNetworking/UIKit (4.0.1):
    - AFNetworking/NSURLSession
  - HHTableListViewController (0.2.0):
    - AFNetworking (~> 4.0)
    - Masonry
    - MJRefresh
  - Masonry (1.1.0)
  - MJRefresh (3.4.3)

DEPENDENCIES:
  - AFNetworking (~> 4.0)
  - HHTableListViewController (from `../`)
  - Masonry
  - MJRefresh

SPEC REPOS:
  https://github.com/CocoaPods/Specs.git:
    - AFNetworking
    - Masonry
    - MJRefresh

EXTERNAL SOURCES:
  HHTableListViewController:
    :path: "../"

SPEC CHECKSUMS:
  AFNetworking: 7864c38297c79aaca1500c33288e429c3451fdce
  HHTableListViewController: 5488fa89b798df2c724b93081cac8cb5016ee1eb
  Masonry: 678fab65091a9290e40e2832a55e7ab731aad201
  MJRefresh: 53e3e3219f204425ee6d3e62e8733d3295944cd6

PODFILE CHECKSUM: 2a82cbd89130b3fa9e0d1927955a4b9197f97cba

COCOAPODS: 1.8.4
